{
  "requires": true,
  "lockfileVersion": 1,
  "dependencies": {
    "@ckeditor/ckeditor5-build-classic": {
      "version": "24.0.0",
      "resolved": "https://registry.npm.taobao.org/@ckeditor/ckeditor5-build-classic/download/@ckeditor/ckeditor5-build-classic-24.0.0.tgz",
      "integrity": "sha1-GPMQ/Q9ix308mtA0jYgcXxY4xWQ="
    },
    "lightbox2": {
      "version": "2.11.3",
      "resolved": "https://registry.npm.taobao.org/lightbox2/download/lightbox2-2.11.3.tgz",
      "integrity": "sha1-BX2SRLrbDw/UYDwl1zmhmoWnGXg="
    }
  }
}
